
Microsoft Visual Studio Solution File, Format Version 12.00
# Visual Studio 15
VisualStudioVersion = 15.0.27130.2027
MinimumVisualStudioVersion = 10.0.40219.1
Project("{FAE04EC0-301F-11D3-BF4B-00C04F79EFBC}") = "ConsoleApp5", "ConsoleApp5\ConsoleApp5.csproj", "{28670AAB-5B14-48EB-BA6E-D9BCE22D380E}"
EndProject
Global
	GlobalSection(SolutionConfigurationPlatforms) = preSolution
		Debug|Any CPU = Debug|Any CPU
		Release|Any CPU = Release|Any CPU
	EndGlobalSection
	GlobalSection(ProjectConfigurationPlatforms) = postSolution
		{28670AAB-5B14-48EB-BA6E-D9BCE22D380E}.Debug|Any CPU.ActiveCfg = Debug|Any CPU
		{28670AAB-5B14-48EB-BA6E-D9BCE22D380E}.Debug|Any CPU.Build.0 = Debug|Any CPU
		{28670AAB-5B14-48EB-BA6E-D9BCE22D380E}.Release|Any CPU.ActiveCfg = Release|Any CPU
		{28670AAB-5B14-48EB-BA6E-D9BCE22D380E}.Release|Any CPU.Build.0 = Release|Any CPU
	EndGlobalSection
	GlobalSection(SolutionProperties) = preSolution
		HideSolutionNode = FALSE
	EndGlobalSection
	GlobalSection(ExtensibilityGlobals) = postSolution
		SolutionGuid = {081E8BBD-5C26-4BAC-BF4E-5AFF3C67B35D}
	EndGlobalSection
EndGlobal
